
Microsoft Visual Studio Solution File, Format Version 12.00
# Visual Studio Version 17
VisualStudioVersion = 17.1.32328.378
MinimumVisualStudioVersion = 10.0.40219.1
Project("{8BC9CEB8-8B4A-11D0-8D11-00A0C91BC942}") = "laba9-3", "laba9-3\laba9-3.vcxproj", "{4891E0F8-9E7A-4F26-B0BB-817D8804DD1E}"
EndProject
Global
	GlobalSection(SolutionConfigurationPlatforms) = preSolution
		Debug|x64 = Debug|x64
		Debug|x86 = Debug|x86
		Release|x64 = Release|x64
		Release|x86 = Release|x86
	EndGlobalSection
	GlobalSection(ProjectConfigurationPlatforms) = postSolution
		{4891E0F8-9E7A-4F26-B0BB-817D8804DD1E}.Debug|x64.ActiveCfg = Debug|x64
		{4891E0F8-9E7A-4F26-B0BB-817D8804DD1E}.Debug|x64.Build.0 = Debug|x64
		{4891E0F8-9E7A-4F26-B0BB-817D8804DD1E}.Debug|x86.ActiveCfg = Debug|Win32
		{4891E0F8-9E7A-4F26-B0BB-817D8804DD1E}.Debug|x86.Build.0 = Debug|Win32
		{4891E0F8-9E7A-4F26-B0BB-817D8804DD1E}.Release|x64.ActiveCfg = Release|x64
		{4891E0F8-9E7A-4F26-B0BB-817D8804DD1E}.Release|x64.Build.0 = Release|x64
		{4891E0F8-9E7A-4F26-B0BB-817D8804DD1E}.Release|x86.ActiveCfg = Release|Win32
		{4891E0F8-9E7A-4F26-B0BB-817D8804DD1E}.Release|x86.Build.0 = Release|Win32
	EndGlobalSection
	GlobalSection(SolutionProperties) = preSolution
		HideSolutionNode = FALSE
	EndGlobalSection
	GlobalSection(ExtensibilityGlobals) = postSolution
		SolutionGuid = {56C99125-E580-4190-B867-951EFC3326EC}
	EndGlobalSection
EndGlobal
