
Microsoft Visual Studio Solution File, Format Version 12.00
# Visual Studio Version 17
VisualStudioVersion = 17.1.32328.378
MinimumVisualStudioVersion = 10.0.40219.1
Project("{8BC9CEB8-8B4A-11D0-8D11-00A0C91BC942}") = "laba13", "laba13\laba13.vcxproj", "{15788928-4A02-4099-A5C2-377B7CB7507C}"
EndProject
Global
	GlobalSection(SolutionConfigurationPlatforms) = preSolution
		Debug|x64 = Debug|x64
		Debug|x86 = Debug|x86
		Release|x64 = Release|x64
		Release|x86 = Release|x86
	EndGlobalSection
	GlobalSection(ProjectConfigurationPlatforms) = postSolution
		{15788928-4A02-4099-A5C2-377B7CB7507C}.Debug|x64.ActiveCfg = Debug|x64
		{15788928-4A02-4099-A5C2-377B7CB7507C}.Debug|x64.Build.0 = Debug|x64
		{15788928-4A02-4099-A5C2-377B7CB7507C}.Debug|x86.ActiveCfg = Debug|Win32
		{15788928-4A02-4099-A5C2-377B7CB7507C}.Debug|x86.Build.0 = Debug|Win32
		{15788928-4A02-4099-A5C2-377B7CB7507C}.Release|x64.ActiveCfg = Release|x64
		{15788928-4A02-4099-A5C2-377B7CB7507C}.Release|x64.Build.0 = Release|x64
		{15788928-4A02-4099-A5C2-377B7CB7507C}.Release|x86.ActiveCfg = Release|Win32
		{15788928-4A02-4099-A5C2-377B7CB7507C}.Release|x86.Build.0 = Release|Win32
	EndGlobalSection
	GlobalSection(SolutionProperties) = preSolution
		HideSolutionNode = FALSE
	EndGlobalSection
	GlobalSection(ExtensibilityGlobals) = postSolution
		SolutionGuid = {C81B612E-6D98-4FE0-A7DC-F95E6DECF635}
	EndGlobalSection
EndGlobal
